
Microsoft Visual Studio Solution File, Format Version 12.00
# Visual Studio Version 17
VisualStudioVersion = 17.3.32804.467
MinimumVisualStudioVersion = 10.0.40219.1
Project("{FAE04EC0-301F-11D3-BF4B-00C04F79EFBC}") = "Test_Office", "WebApplication1\Test_Office.csproj", "{1BB0FFF9-3429-40A2-828F-2DC235CE685F}"
EndProject
Global
	GlobalSection(SolutionConfigurationPlatforms) = preSolution
		Debug|Any CPU = Debug|Any CPU
		Release|Any CPU = Release|Any CPU
	EndGlobalSection
	GlobalSection(ProjectConfigurationPlatforms) = postSolution
		{1BB0FFF9-3429-40A2-828F-2DC235CE685F}.Debug|Any CPU.ActiveCfg = Debug|Any CPU
		{1BB0FFF9-3429-40A2-828F-2DC235CE685F}.Debug|Any CPU.Build.0 = Debug|Any CPU
		{1BB0FFF9-3429-40A2-828F-2DC235CE685F}.Release|Any CPU.ActiveCfg = Release|Any CPU
		{1BB0FFF9-3429-40A2-828F-2DC235CE685F}.Release|Any CPU.Build.0 = Release|Any CPU
	EndGlobalSection
	GlobalSection(SolutionProperties) = preSolution
		HideSolutionNode = FALSE
	EndGlobalSection
	GlobalSection(ExtensibilityGlobals) = postSolution
		SolutionGuid = {A7A446A3-8F8E-456A-81E0-80140211835D}
	EndGlobalSection
EndGlobal
